// !$*UTF8*$!
{
	archiveVersion = 1;
	classes = {
	};
	objectVersion = 48;
	objects = {

/* Begin PBXBuildFile section */
		008D64BE205BFB7500CC580E /* main.swift in Sources */ = {isa = PBXBuildFile; fileRef = 008D64BD205BFB7500CC580E /* main.swift */; };
		008D64C5205BFB8A00CC580E /* ATSQLiteManager.swift in Sources */ = {isa = PBXBuildFile; fileRef = 008D64C4205BFB8A00CC580E /* ATSQLiteManager.swift */; };
		008D64CA205BFCF100CC580E /* libsqlite3.tbd in Frameworks */ = {isa = PBXBuildFile; fileRef = 008D64C9205BFCF100CC580E /* libsqlite3.tbd */; };
		008D64D2205BFF4C00CC580E /* QueryString.swift in Sources */ = {isa = PBXBuildFile; fileRef = 008D64D1205BFF4C00CC580E /* QueryString.swift */; };
		008D64FF205E5E2900CC580E /* ATSQLiteLog.swift in Sources */ = {isa = PBXBuildFile; fileRef = 008D64FE205E5E2900CC580E /* ATSQLiteLog.swift */; };
/* End PBXBuildFile section */

/* Begin PBXCopyFilesBuildPhase section */
		008D64B8205BFB7500CC580E /* CopyFiles */ = {
			isa = PBXCopyFilesBuildPhase;
			buildActionMask = 2147483647;
			dstPath = /usr/share/man/man1/;
			dstSubfolderSpec = 0;
			files = (
			);
			runOnlyForDeploymentPostprocessing = 1;
		};
/* End PBXCopyFilesBuildPhase section */

/* Begin PBXFileReference section */
		008D64BA205BFB7500CC580E /* ATSqlite */ = {isa = PBXFileReference; explicitFileType = "compiled.mach-o.executable"; includeInIndex = 0; path = ATSqlite; sourceTree = BUILT_PRODUCTS_DIR; };
		008D64BD205BFB7500CC580E /* main.swift */ = {isa = PBXFileReference; lastKnownFileType = sourcecode.swift; path = main.swift; sourceTree = "<group>"; };
		008D64C4205BFB8A00CC580E /* ATSQLiteManager.swift */ = {isa = PBXFileReference; fileEncoding = 4; lastKnownFileType = sourcecode.swift; path = ATSQLiteManager.swift; sourceTree = "<group>"; };
		008D64C9205BFCF100CC580E /* libsqlite3.tbd */ = {isa = PBXFileReference; lastKnownFileType = "sourcecode.text-based-dylib-definition"; name = libsqlite3.tbd; path = usr/lib/libsqlite3.tbd; sourceTree = SDKROOT; };
		008D64CB205BFD0800CC580E /* ATSqlite-Bridging-Header.h */ = {isa = PBXFileReference; lastKnownFileType = sourcecode.c.h; path = "ATSqlite-Bridging-Header.h"; sourceTree = "<group>"; };
		008D64D1205BFF4C00CC580E /* QueryString.swift */ = {isa = PBXFileReference; lastKnownFileType = sourcecode.swift; path = QueryString.swift; sourceTree = "<group>"; };
		008D64FE205E5E2900CC580E /* ATSQLiteLog.swift */ = {isa = PBXFileReference; lastKnownFileType = sourcecode.swift; path = ATSQLiteLog.swift; sourceTree = "<group>"; };
/* End PBXFileReference section */

/* Begin PBXFrameworksBuildPhase section */
		008D64B7205BFB7500CC580E /* Frameworks */ = {
			isa = PBXFrameworksBuildPhase;
			buildActionMask = 2147483647;
			files = (
				008D64CA205BFCF100CC580E /* libsqlite3.tbd in Frameworks */,
			);
			runOnlyForDeploymentPostprocessing = 0;
		};
/* End PBXFrameworksBuildPhase section */

/* Begin PBXGroup section */
		008D64B1205BFB7500CC580E = {
			isa = PBXGroup;
			children = (
				008D64BC205BFB7500CC580E /* ATSqlite */,
				008D64BB205BFB7500CC580E /* Products */,
				008D64C8205BFCF100CC580E /* Frameworks */,
			);
			sourceTree = "<group>";
		};
		008D64BB205BFB7500CC580E /* Products */ = {
			isa = PBXGroup;
			children = (
				008D64BA205BFB7500CC580E /* ATSqlite */,
			);
			name = Products;
			sourceTree = "<group>";
		};
		008D64BC205BFB7500CC580E /* ATSqlite */ = {
			isa = PBXGroup;
			children = (
				008D64CB205BFD0800CC580E /* ATSqlite-Bridging-Header.h */,
				008D64C4205BFB8A00CC580E /* ATSQLiteManager.swift */,
				008D64D1205BFF4C00CC580E /* QueryString.swift */,
				008D64BD205BFB7500CC580E /* main.swift */,
				008D64FE205E5E2900CC580E /* ATSQLiteLog.swift */,
			);
			path = ATSqlite;
			sourceTree = "<group>";
		};
		008D64C8205BFCF100CC580E /* Frameworks */ = {
			isa = PBXGroup;
			children = (
				008D64C9205BFCF100CC580E /* libsqlite3.tbd */,
			);
			name = Frameworks;
			sourceTree = "<group>";
		};
/* End PBXGroup section */

/* Begin PBXNativeTarget section */
		008D64B9205BFB7500CC580E /* ATSqlite */ = {
			isa = PBXNativeTarget;
			buildConfigurationList = 008D64C1205BFB7500CC580E /* Build configuration list for PBXNativeTarget "ATSqlite" */;
			buildPhases = (
				008D64B6205BFB7500CC580E /* Sources */,
				008D64B7205BFB7500CC580E /* Frameworks */,
				008D64B8205BFB7500CC580E /* CopyFiles */,
			);
			buildRules = (
			);
			dependencies = (
			);
			name = ATSqlite;
			productName = ATSqlite;
			productReference = 008D64BA205BFB7500CC580E /* ATSqlite */;
			productType = "com.apple.product-type.tool";
		};
/* End PBXNativeTarget section */

/* Begin PBXProject section */
		008D64B2205BFB7500CC580E /* Project object */ = {
			isa = PBXProject;
			attributes = {
				LastSwiftUpdateCheck = 0920;
				LastUpgradeCheck = 0920;
				ORGANIZATIONNAME = Pacoyeung;
				TargetAttributes = {
					008D64B9205BFB7500CC580E = {
						CreatedOnToolsVersion = 9.2;
						LastSwiftMigration = 0920;
						ProvisioningStyle = Automatic;
					};
				};
			};
			buildConfigurationList = 008D64B5205BFB7500CC580E /* Build configuration list for PBXProject "ATSqlite" */;
			compatibilityVersion = "Xcode 8.0";
			developmentRegion = en;
			hasScannedForEncodings = 0;
			knownRegions = (
				en,
			);
			mainGroup = 008D64B1205BFB7500CC580E;
			productRefGroup = 008D64BB205BFB7500CC580E /* Products */;
			projectDirPath = "";
			projectRoot = "";
			targets = (
				008D64B9205BFB7500CC580E /* ATSqlite */,
			);
		};
/* End PBXProject section */

/* Begin PBXSourcesBuildPhase section */
		008D64B6205BFB7500CC580E /* Sources */ = {
			isa = PBXSourcesBuildPhase;
			buildActionMask = 2147483647;
			files = (
				008D64D2205BFF4C00CC580E /* QueryString.swift in Sources */,
				008D64FF205E5E2900CC580E /* ATSQLiteLog.swift in Sources */,
				008D64C5205BFB8A00CC580E /* ATSQLiteManager.swift in Sources */,
				008D64BE205BFB7500CC580E /* main.swift in Sources */,
			);
			runOnlyForDeploymentPostprocessing = 0;
		};
/* End PBXSourcesBuildPhase section */

/* Begin XCBuildConfiguration section */
		008D64BF205BFB7500CC580E /* Debug */ = {
			isa = XCBuildConfiguration;
			buildSettings = {
				ALWAYS_SEARCH_USER_PATHS = NO;
				CLANG_ANALYZER_NONNULL = YES;
				CLANG_ANALYZER_NUMBER_OBJECT_CONVERSION = YES_AGGRESSIVE;
				CLANG_CXX_LANGUAGE_STANDARD = "gnu++14";
				CLANG_CXX_LIBRARY = "libc++";
				CLANG_ENABLE_MODULES = YES;
				CLANG_ENABLE_OBJC_ARC = YES;
				CLANG_WARN_BLOCK_CAPTURE_AUTORELEASING = YES;
				CLANG_WARN_BOOL_CONVERSION = YES;
				CLANG_WARN_COMMA = YES;
				CLANG_WARN_CONSTANT_CONVERSION = YES;
				CLANG_WARN_DIRECT_OBJC_ISA_USAGE = YES_ERROR;
				CLANG_WARN_DOCUMENTATION_COMMENTS = YES;
				CLANG_WARN_EMPTY_BODY = YES;
				CLANG_WARN_ENUM_CONVERSION = YES;
				CLANG_WARN_INFINITE_RECURSION = YES;
				CLANG_WARN_INT_CONVERSION = YES;
				CLANG_WARN_NON_LITERAL_NULL_CONVERSION = YES;
				CLANG_WARN_OBJC_LITERAL_CONVERSION = YES;
				CLANG_WARN_OBJC_ROOT_CLASS = YES_ERROR;
				CLANG_WARN_RANGE_LOOP_ANALYSIS = YES;
				CLANG_WARN_STRICT_PROTOTYPES = YES;
				CLANG_WARN_SUSPICIOUS_MOVE = YES;
				CLANG_WARN_UNGUARDED_AVAILABILITY = YES_AGGRESSIVE;
				CLANG_WARN_UNREACHABLE_CODE = YES;
				CLANG_WARN__DUPLICATE_METHOD_MATCH = YES;
				CODE_SIGN_IDENTITY = "Mac Developer";
				COPY_PHASE_STRIP = NO;
				DEBUG_INFORMATION_FORMAT = dwarf;
				ENABLE_STRICT_OBJC_MSGSEND = YES;
				ENABLE_TESTABILITY = YES;
				GCC_C_LANGUAGE_STANDARD = gnu11;
				GCC_DYNAMIC_NO_PIC = NO;
				GCC_NO_COMMON_BLOCKS = YES;
				GCC_OPTIMIZATION_LEVEL = 0;
				GCC_PREPROCESSOR_DEFINITIONS = (
					"DEBUG=1",
					"$(inherited)",
				);
				GCC_WARN_64_TO_32_BIT_CONVERSION = YES;
				GCC_WARN_ABOUT_RETURN_TYPE = YES_ERROR;
				GCC_WARN_UNDECLARED_SELECTOR = YES;
				GCC_WARN_UNINITIALIZED_AUTOS = YES_AGGRESSIVE;
				GCC_WARN_UNUSED_FUNCTION = YES;
				GCC_WARN_UNUSED_VARIABLE = YES;
				MACOSX_DEPLOYMENT_TARGET = 10.13;
				MTL_ENABLE_DEBUG_INFO = YES;
				ONLY_ACTIVE_ARCH = YES;
				SDKROOT = macosx;
				SWIFT_ACTIVE_COMPILATION_CONDITIONS = DEBUG;
				SWIFT_OPTIMIZATION_LEVEL = "-Onone";
			};
			name = Debug;
		};
		008D64C0205BFB7500CC580E /* Release */ = {
			isa = XCBuildConfiguration;
			buildSettings = {
				ALWAYS_SEARCH_USER_PATHS = NO;
				CLANG_ANALYZER_NONNULL = YES;
				CLANG_ANALYZER_NUMBER_OBJECT_CONVERSION = YES_AGGRESSIVE;
				CLANG_CXX_LANGUAGE_STANDARD = "gnu++14";
				CLANG_CXX_LIBRARY = "libc++";
				CLANG_ENABLE_MODULES = YES;
				CLANG_ENABLE_OBJC_ARC = YES;
				CLANG_WARN_BLOCK_CAPTURE_AUTORELEASING = YES;
				CLANG_WARN_BOOL_CONVERSION = YES;
				CLANG_WARN_COMMA = YES;
				CLANG_WARN_CONSTANT_CONVERSION = YES;
				CLANG_WARN_DIRECT_OBJC_ISA_USAGE = YES_ERROR;
				CLANG_WARN_DOCUMENTATION_COMMENTS = YES;
				CLANG_WARN_EMPTY_BODY = YES;
				CLANG_WARN_ENUM_CONVERSION = YES;
				CLANG_WARN_INFINITE_RECURSION = YES;
				CLANG_WARN_INT_CONVERSION = YES;
				CLANG_WARN_NON_LITERAL_NULL_CONVERSION = YES;
				CLANG_WARN_OBJC_LITERAL_CONVERSION = YES;
				CLANG_WARN_OBJC_ROOT_CLASS = YES_ERROR;
				CLANG_WARN_RANGE_LOOP_ANALYSIS = YES;
				CLANG_WARN_STRICT_PROTOTYPES = YES;
				CLANG_WARN_SUSPICIOUS_MOVE = YES;
				CLANG_WARN_UNGUARDED_AVAILABILITY = YES_AGGRESSIVE;
				CLANG_WARN_UNREACHABLE_CODE = YES;
				CLANG_WARN__DUPLICATE_METHOD_MATCH = YES;
				CODE_SIGN_IDENTITY = "Mac Developer";
				COPY_PHASE_STRIP = NO;
				DEBUG_INFORMATION_FORMAT = "dwarf-with-dsym";
				ENABLE_NS_ASSERTIONS = NO;
				ENABLE_STRICT_OBJC_MSGSEND = YES;
				GCC_C_LANGUAGE_STANDARD = gnu11;
				GCC_NO_COMMON_BLOCKS = YES;
				GCC_WARN_64_TO_32_BIT_CONVERSION = YES;
				GCC_WARN_ABOUT_RETURN_TYPE = YES_ERROR;
				GCC_WARN_UNDECLARED_SELECTOR = YES;
				GCC_WARN_UNINITIALIZED_AUTOS = YES_AGGRESSIVE;
				GCC_WARN_UNUSED_FUNCTION = YES;
				GCC_WARN_UNUSED_VARIABLE = YES;
				MACOSX_DEPLOYMENT_TARGET = 10.13;
				MTL_ENABLE_DEBUG_INFO = NO;
				SDKROOT = macosx;
				SWIFT_OPTIMIZATION_LEVEL = "-Owholemodule";
			};
			name = Release;
		};
		008D64C2205BFB7500CC580E /* Debug */ = {
			isa = XCBuildConfiguration;
			buildSettings = {
				CLANG_ENABLE_MODULES = YES;
				CODE_SIGN_STYLE = Automatic;
				DEVELOPMENT_TEAM = M57LB3G5V3;
				LD_RUNPATH_SEARCH_PATHS = "$(inherited) @executable_path/../Frameworks @loader_path/../Frameworks";
				PRODUCT_NAME = "$(TARGET_NAME)";
				SWIFT_OBJC_BRIDGING_HEADER = "ATSqlite/ATSqlite-Bridging-Header.h";
				SWIFT_OPTIMIZATION_LEVEL = "-Onone";
				SWIFT_VERSION = 4.0;
			};
			name = Debug;
		};
		008D64C3205BFB7500CC580E /* Release */ = {
			isa = XCBuildConfiguration;
			buildSettings = {
				CLANG_ENABLE_MODULES = YES;
				CODE_SIGN_STYLE = Automatic;
				DEVELOPMENT_TEAM = M57LB3G5V3;
				LD_RUNPATH_SEARCH_PATHS = "$(inherited) @executable_path/../Frameworks @loader_path/../Frameworks";
				PRODUCT_NAME = "$(TARGET_NAME)";
				SWIFT_OBJC_BRIDGING_HEADER = "ATSqlite/ATSqlite-Bridging-Header.h";
				SWIFT_VERSION = 4.0;
			};
			name = Release;
		};
/* End XCBuildConfiguration section */

/* Begin XCConfigurationList section */
		008D64B5205BFB7500CC580E /* Build configuration list for PBXProject "ATSqlite" */ = {
			isa = XCConfigurationList;
			buildConfigurations = (
				008D64BF205BFB7500CC580E /* Debug */,
				008D64C0205BFB7500CC580E /* Release */,
			);
			defaultConfigurationIsVisible = 0;
			defaultConfigurationName = Release;
		};
		008D64C1205BFB7500CC580E /* Build configuration list for PBXNativeTarget "ATSqlite" */ = {
			isa = XCConfigurationList;
			buildConfigurations = (
				008D64C2205BFB7500CC580E /* Debug */,
				008D64C3205BFB7500CC580E /* Release */,
			);
			defaultConfigurationIsVisible = 0;
			defaultConfigurationName = Release;
		};
/* End XCConfigurationList section */
	};
	rootObject = 008D64B2205BFB7500CC580E /* Project object */;
}
